
Microsoft Visual Studio Solution File, Format Version 12.00
# Visual Studio Version 16
VisualStudioVersion = 25.0.1706.11
MinimumVisualStudioVersion = 10.0.40219.1
Project("{FAE04EC0-301F-11D3-BF4B-00C04F79EFBC}") = "netflixGptBackend", "netflixGptBackend\netflixGptBackend.csproj", "{7540C1F8-19F9-4BD1-9556-162F8477C88C}"
EndProject
Global
	GlobalSection(SolutionConfigurationPlatforms) = preSolution
		Debug|Any CPU = Debug|Any CPU
		Release|Any CPU = Release|Any CPU
	EndGlobalSection
	GlobalSection(ProjectConfigurationPlatforms) = postSolution
		{7540C1F8-19F9-4BD1-9556-162F8477C88C}.Debug|Any CPU.ActiveCfg = Debug|Any CPU
		{7540C1F8-19F9-4BD1-9556-162F8477C88C}.Debug|Any CPU.Build.0 = Debug|Any CPU
		{7540C1F8-19F9-4BD1-9556-162F8477C88C}.Release|Any CPU.ActiveCfg = Release|Any CPU
		{7540C1F8-19F9-4BD1-9556-162F8477C88C}.Release|Any CPU.Build.0 = Release|Any CPU
	EndGlobalSection
	GlobalSection(SolutionProperties) = preSolution
		HideSolutionNode = FALSE
	EndGlobalSection
	GlobalSection(ExtensibilityGlobals) = postSolution
		SolutionGuid = {F3A3C91A-E7AB-4B24-9B56-C59BCC1EA3CE}
	EndGlobalSection
EndGlobal
